
Microsoft Visual Studio Solution File, Format Version 12.00
# Visual Studio Version 17
VisualStudioVersion = 17.0.31903.59
MinimumVisualStudioVersion = 10.0.40219.1
Project("{2150E333-8FDC-42A3-9474-1A3956D46DE8}") = "src", "src", "{827E0CD3-B72D-47B6-A68D-7590B98EB39B}"
EndProject
Project("{FAE04EC0-301F-11D3-BF4B-00C04F79EFBC}") = "CoreLedger.Domain", "src\CoreLedger.Domain\CoreLedger.Domain.csproj", "{686EACED-BF93-489C-AD4E-16DEC4C0354D}"
EndProject
Project("{FAE04EC0-301F-11D3-BF4B-00C04F79EFBC}") = "CoreLedger.Application", "src\CoreLedger.Application\CoreLedger.Application.csproj", "{8E74AEF3-9498-43ED-8A71-F76226E4BAF0}"
EndProject
Project("{FAE04EC0-301F-11D3-BF4B-00C04F79EFBC}") = "CoreLedger.Infrastructure", "src\CoreLedger.Infrastructure\CoreLedger.Infrastructure.csproj", "{D3581C9C-7839-406B-B305-4F63BB6DB926}"
EndProject
Project("{FAE04EC0-301F-11D3-BF4B-00C04F79EFBC}") = "CoreLedger.API", "src\CoreLedger.API\CoreLedger.API.csproj", "{E61C0A5A-4337-4B5E-8E69-9C4E70B71D89}"
EndProject
Global
	GlobalSection(SolutionConfigurationPlatforms) = preSolution
		Debug|Any CPU = Debug|Any CPU
		Debug|x64 = Debug|x64
		Debug|x86 = Debug|x86
		Release|Any CPU = Release|Any CPU
		Release|x64 = Release|x64
		Release|x86 = Release|x86
	EndGlobalSection
	GlobalSection(ProjectConfigurationPlatforms) = postSolution
		{686EACED-BF93-489C-AD4E-16DEC4C0354D}.Debug|Any CPU.ActiveCfg = Debug|Any CPU
		{686EACED-BF93-489C-AD4E-16DEC4C0354D}.Debug|Any CPU.Build.0 = Debug|Any CPU
		{686EACED-BF93-489C-AD4E-16DEC4C0354D}.Debug|x64.ActiveCfg = Debug|Any CPU
		{686EACED-BF93-489C-AD4E-16DEC4C0354D}.Debug|x64.Build.0 = Debug|Any CPU
		{686EACED-BF93-489C-AD4E-16DEC4C0354D}.Debug|x86.ActiveCfg = Debug|Any CPU
		{686EACED-BF93-489C-AD4E-16DEC4C0354D}.Debug|x86.Build.0 = Debug|Any CPU
		{686EACED-BF93-489C-AD4E-16DEC4C0354D}.Release|Any CPU.ActiveCfg = Release|Any CPU
		{686EACED-BF93-489C-AD4E-16DEC4C0354D}.Release|Any CPU.Build.0 = Release|Any CPU
		{686EACED-BF93-489C-AD4E-16DEC4C0354D}.Release|x64.ActiveCfg = Release|Any CPU
		{686EACED-BF93-489C-AD4E-16DEC4C0354D}.Release|x64.Build.0 = Release|Any CPU
		{686EACED-BF93-489C-AD4E-16DEC4C0354D}.Release|x86.ActiveCfg = Release|Any CPU
		{686EACED-BF93-489C-AD4E-16DEC4C0354D}.Release|x86.Build.0 = Release|Any CPU
		{8E74AEF3-9498-43ED-8A71-F76226E4BAF0}.Debug|Any CPU.ActiveCfg = Debug|Any CPU
		{8E74AEF3-9498-43ED-8A71-F76226E4BAF0}.Debug|Any CPU.Build.0 = Debug|Any CPU
		{8E74AEF3-9498-43ED-8A71-F76226E4BAF0}.Debug|x64.ActiveCfg = Debug|Any CPU
		{8E74AEF3-9498-43ED-8A71-F76226E4BAF0}.Debug|x64.Build.0 = Debug|Any CPU
		{8E74AEF3-9498-43ED-8A71-F76226E4BAF0}.Debug|x86.ActiveCfg = Debug|Any CPU
		{8E74AEF3-9498-43ED-8A71-F76226E4BAF0}.Debug|x86.Build.0 = Debug|Any CPU
		{8E74AEF3-9498-43ED-8A71-F76226E4BAF0}.Release|Any CPU.ActiveCfg = Release|Any CPU
		{8E74AEF3-9498-43ED-8A71-F76226E4BAF0}.Release|Any CPU.Build.0 = Release|Any CPU
		{8E74AEF3-9498-43ED-8A71-F76226E4BAF0}.Release|x64.ActiveCfg = Release|Any CPU
		{8E74AEF3-9498-43ED-8A71-F76226E4BAF0}.Release|x64.Build.0 = Release|Any CPU
		{8E74AEF3-9498-43ED-8A71-F76226E4BAF0}.Release|x86.ActiveCfg = Release|Any CPU
		{8E74AEF3-9498-43ED-8A71-F76226E4BAF0}.Release|x86.Build.0 = Release|Any CPU
		{D3581C9C-7839-406B-B305-4F63BB6DB926}.Debug|Any CPU.ActiveCfg = Debug|Any CPU
		{D3581C9C-7839-406B-B305-4F63BB6DB926}.Debug|Any CPU.Build.0 = Debug|Any CPU
		{D3581C9C-7839-406B-B305-4F63BB6DB926}.Debug|x64.ActiveCfg = Debug|Any CPU
		{D3581C9C-7839-406B-B305-4F63BB6DB926}.Debug|x64.Build.0 = Debug|Any CPU
		{D3581C9C-7839-406B-B305-4F63BB6DB926}.Debug|x86.ActiveCfg = Debug|Any CPU
		{D3581C9C-7839-406B-B305-4F63BB6DB926}.Debug|x86.Build.0 = Debug|Any CPU
		{D3581C9C-7839-406B-B305-4F63BB6DB926}.Release|Any CPU.ActiveCfg = Release|Any CPU
		{D3581C9C-7839-406B-B305-4F63BB6DB926}.Release|Any CPU.Build.0 = Release|Any CPU
		{D3581C9C-7839-406B-B305-4F63BB6DB926}.Release|x64.ActiveCfg = Release|Any CPU
		{D3581C9C-7839-406B-B305-4F63BB6DB926}.Release|x64.Build.0 = Release|Any CPU
		{D3581C9C-7839-406B-B305-4F63BB6DB926}.Release|x86.ActiveCfg = Release|Any CPU
		{D3581C9C-7839-406B-B305-4F63BB6DB926}.Release|x86.Build.0 = Release|Any CPU
		{E61C0A5A-4337-4B5E-8E69-9C4E70B71D89}.Debug|Any CPU.ActiveCfg = Debug|Any CPU
		{E61C0A5A-4337-4B5E-8E69-9C4E70B71D89}.Debug|Any CPU.Build.0 = Debug|Any CPU
		{E61C0A5A-4337-4B5E-8E69-9C4E70B71D89}.Debug|x64.ActiveCfg = Debug|Any CPU
		{E61C0A5A-4337-4B5E-8E69-9C4E70B71D89}.Debug|x64.Build.0 = Debug|Any CPU
		{E61C0A5A-4337-4B5E-8E69-9C4E70B71D89}.Debug|x86.ActiveCfg = Debug|Any CPU
		{E61C0A5A-4337-4B5E-8E69-9C4E70B71D89}.Debug|x86.Build.0 = Debug|Any CPU
		{E61C0A5A-4337-4B5E-8E69-9C4E70B71D89}.Release|Any CPU.ActiveCfg = Release|Any CPU
		{E61C0A5A-4337-4B5E-8E69-9C4E70B71D89}.Release|Any CPU.Build.0 = Release|Any CPU
		{E61C0A5A-4337-4B5E-8E69-9C4E70B71D89}.Release|x64.ActiveCfg = Release|Any CPU
		{E61C0A5A-4337-4B5E-8E69-9C4E70B71D89}.Release|x64.Build.0 = Release|Any CPU
		{E61C0A5A-4337-4B5E-8E69-9C4E70B71D89}.Release|x86.ActiveCfg = Release|Any CPU
		{E61C0A5A-4337-4B5E-8E69-9C4E70B71D89}.Release|x86.Build.0 = Release|Any CPU
	EndGlobalSection
	GlobalSection(SolutionProperties) = preSolution
		HideSolutionNode = FALSE
	EndGlobalSection
	GlobalSection(NestedProjects) = preSolution
		{686EACED-BF93-489C-AD4E-16DEC4C0354D} = {827E0CD3-B72D-47B6-A68D-7590B98EB39B}
		{8E74AEF3-9498-43ED-8A71-F76226E4BAF0} = {827E0CD3-B72D-47B6-A68D-7590B98EB39B}
		{D3581C9C-7839-406B-B305-4F63BB6DB926} = {827E0CD3-B72D-47B6-A68D-7590B98EB39B}
		{E61C0A5A-4337-4B5E-8E69-9C4E70B71D89} = {827E0CD3-B72D-47B6-A68D-7590B98EB39B}
	EndGlobalSection
EndGlobal
